// !$*UTF8*$!
{
	archiveVersion = 1;
	classes = {
	};
	objectVersion = 46;
	objects = {

/* Begin PBXBuildFile section */
		240275EB1EBA804E00004204 /* SmashTweetersTableViewController.swift in Sources */ = {isa = PBXBuildFile; fileRef = 240275EA1EBA804E00004204 /* SmashTweetersTableViewController.swift */; };
		240275ED1EBA93F800004204 /* FetchedResultsTableViewController.swift in Sources */ = {isa = PBXBuildFile; fileRef = 240275EC1EBA93F800004204 /* FetchedResultsTableViewController.swift */; };
		2405E7C11EB7DFC70086873E /* SmashTweetTableViewController.swift in Sources */ = {isa = PBXBuildFile; fileRef = 2405E7C01EB7DFC70086873E /* SmashTweetTableViewController.swift */; };
		241C54DF1EE62B6C00FE0726 /* RecentSearchesTableViewController.swift in Sources */ = {isa = PBXBuildFile; fileRef = 241C54DE1EE62B6C00FE0726 /* RecentSearchesTableViewController.swift */; };
		242865141EE8B60600D83F0D /* RecentSearches.swift in Sources */ = {isa = PBXBuildFile; fileRef = 242865131EE8B60600D83F0D /* RecentSearches.swift */; };
		243F1DA31F3A81700083FF1C /* Mention.swift in Sources */ = {isa = PBXBuildFile; fileRef = 243F1DA21F3A81700083FF1C /* Mention.swift */; };
		244D073A1EB2999900A228E9 /* TweetTableViewCell.swift in Sources */ = {isa = PBXBuildFile; fileRef = 244D07391EB2999900A228E9 /* TweetTableViewCell.swift */; };
		246494131EB6B5DE000A0816 /* SmashTag3.1.xcdatamodeld in Sources */ = {isa = PBXBuildFile; fileRef = 246494111EB6B5DE000A0816 /* SmashTag3.1.xcdatamodeld */; };
		246601A01EB7D826001038CE /* Tweet.swift in Sources */ = {isa = PBXBuildFile; fileRef = 2466019F1EB7D826001038CE /* Tweet.swift */; };
		246601A21EB7D83C001038CE /* TwitterUser.swift in Sources */ = {isa = PBXBuildFile; fileRef = 246601A11EB7D83C001038CE /* TwitterUser.swift */; };
		2481612D1ECA5A2B00159908 /* ImageTableViewCell.swift in Sources */ = {isa = PBXBuildFile; fileRef = 2481612C1ECA5A2B00159908 /* ImageTableViewCell.swift */; };
		248FD2371EC13B4300A918FC /* MentionsTableViewController.swift in Sources */ = {isa = PBXBuildFile; fileRef = 248FD2361EC13B4300A918FC /* MentionsTableViewController.swift */; };
		2491AFED1EF352B10092D04F /* ImagesCollectionViewController.swift in Sources */ = {isa = PBXBuildFile; fileRef = 2491AFEC1EF352B10092D04F /* ImagesCollectionViewController.swift */; };
		2494949B1EF72EF3001F1277 /* ImageCollectionViewCell.swift in Sources */ = {isa = PBXBuildFile; fileRef = 2494949A1EF72EF3001F1277 /* ImageCollectionViewCell.swift */; };
		24A29F641EE77C710093DE37 /* Extensions.swift in Sources */ = {isa = PBXBuildFile; fileRef = 24A29F631EE77C710093DE37 /* Extensions.swift */; };
		24A300DE1EC3C8D3007B12C7 /* VCLoggingViewController.swift in Sources */ = {isa = PBXBuildFile; fileRef = 24A300DD1EC3C8D3007B12C7 /* VCLoggingViewController.swift */; };
		24AC1A391EB1574A005252C0 /* AppDelegate.swift in Sources */ = {isa = PBXBuildFile; fileRef = 24AC1A381EB1574A005252C0 /* AppDelegate.swift */; };
		24AC1A3E1EB1574A005252C0 /* Main.storyboard in Resources */ = {isa = PBXBuildFile; fileRef = 24AC1A3C1EB1574A005252C0 /* Main.storyboard */; };
		24AC1A401EB1574A005252C0 /* Assets.xcassets in Resources */ = {isa = PBXBuildFile; fileRef = 24AC1A3F1EB1574A005252C0 /* Assets.xcassets */; };
		24AC1A431EB1574A005252C0 /* LaunchScreen.storyboard in Resources */ = {isa = PBXBuildFile; fileRef = 24AC1A411EB1574A005252C0 /* LaunchScreen.storyboard */; };
		24AC1A4C1EB1580D005252C0 /* TweetTableViewController.swift in Sources */ = {isa = PBXBuildFile; fileRef = 24AC1A4B1EB1580D005252C0 /* TweetTableViewController.swift */; };
		24AD25CC1F392395003863B9 /* PopularTableViewController.swift in Sources */ = {isa = PBXBuildFile; fileRef = 24AD25CB1F392395003863B9 /* PopularTableViewController.swift */; };
		24E9321B1F293EAE003ED4A4 /* Twitter.framework in Frameworks */ = {isa = PBXBuildFile; fileRef = 24E9321A1F293EAE003ED4A4 /* Twitter.framework */; };
		24E9321C1F293EAE003ED4A4 /* Twitter.framework in Embed Frameworks */ = {isa = PBXBuildFile; fileRef = 24E9321A1F293EAE003ED4A4 /* Twitter.framework */; settings = {ATTRIBUTES = (CodeSignOnCopy, RemoveHeadersOnCopy, ); }; };
		24ED7D381EBBE70500F2E919 /* UITableViewDataSource+NSFetchedResultsController.swift in Sources */ = {isa = PBXBuildFile; fileRef = 24ED7D371EBBE70500F2E919 /* UITableViewDataSource+NSFetchedResultsController.swift */; };
		24FE95A21EDE365500EB6A6A /* ImageViewController.swift in Sources */ = {isa = PBXBuildFile; fileRef = 24FE95A11EDE365500EB6A6A /* ImageViewController.swift */; };
		89C9A5116535915D65CCC9D9 /* Pods_SmashTag3_1.framework in Frameworks */ = {isa = PBXBuildFile; fileRef = 51A03AA72DA68D95F4084CD7 /* Pods_SmashTag3_1.framework */; };
/* End PBXBuildFile section */

/* Begin PBXCopyFilesBuildPhase section */
		24E9321D1F293EAE003ED4A4 /* Embed Frameworks */ = {
			isa = PBXCopyFilesBuildPhase;
			buildActionMask = 2147483647;
			dstPath = "";
			dstSubfolderSpec = 10;
			files = (
				24E9321C1F293EAE003ED4A4 /* Twitter.framework in Embed Frameworks */,
			);
			name = "Embed Frameworks";
			runOnlyForDeploymentPostprocessing = 0;
		};
/* End PBXCopyFilesBuildPhase section */

/* Begin PBXFileReference section */
		240275EA1EBA804E00004204 /* SmashTweetersTableViewController.swift */ = {isa = PBXFileReference; fileEncoding = 4; lastKnownFileType = sourcecode.swift; path = SmashTweetersTableViewController.swift; sourceTree = "<group>"; };
		240275EC1EBA93F800004204 /* FetchedResultsTableViewController.swift */ = {isa = PBXFileReference; fileEncoding = 4; lastKnownFileType = sourcecode.swift; path = FetchedResultsTableViewController.swift; sourceTree = "<group>"; };
		2405E7C01EB7DFC70086873E /* SmashTweetTableViewController.swift */ = {isa = PBXFileReference; fileEncoding = 4; lastKnownFileType = sourcecode.swift; path = SmashTweetTableViewController.swift; sourceTree = "<group>"; };
		241C54DE1EE62B6C00FE0726 /* RecentSearchesTableViewController.swift */ = {isa = PBXFileReference; fileEncoding = 4; lastKnownFileType = sourcecode.swift; path = RecentSearchesTableViewController.swift; sourceTree = "<group>"; };
		242865131EE8B60600D83F0D /* RecentSearches.swift */ = {isa = PBXFileReference; fileEncoding = 4; lastKnownFileType = sourcecode.swift; path = RecentSearches.swift; sourceTree = "<group>"; };
		243F1DA21F3A81700083FF1C /* Mention.swift */ = {isa = PBXFileReference; fileEncoding = 4; lastKnownFileType = sourcecode.swift; path = Mention.swift; sourceTree = "<group>"; };
		244D07391EB2999900A228E9 /* TweetTableViewCell.swift */ = {isa = PBXFileReference; fileEncoding = 4; lastKnownFileType = sourcecode.swift; path = TweetTableViewCell.swift; sourceTree = "<group>"; };
		246494121EB6B5DE000A0816 /* SmashTag3.1.xcdatamodel */ = {isa = PBXFileReference; lastKnownFileType = wrapper.xcdatamodel; path = SmashTag3.1.xcdatamodel; sourceTree = "<group>"; };
		2466019F1EB7D826001038CE /* Tweet.swift */ = {isa = PBXFileReference; fileEncoding = 4; lastKnownFileType = sourcecode.swift; path = Tweet.swift; sourceTree = "<group>"; };
		246601A11EB7D83C001038CE /* TwitterUser.swift */ = {isa = PBXFileReference; fileEncoding = 4; lastKnownFileType = sourcecode.swift; path = TwitterUser.swift; sourceTree = "<group>"; };
		2481612C1ECA5A2B00159908 /* ImageTableViewCell.swift */ = {isa = PBXFileReference; fileEncoding = 4; lastKnownFileType = sourcecode.swift; path = ImageTableViewCell.swift; sourceTree = "<group>"; };
		248FD2361EC13B4300A918FC /* MentionsTableViewController.swift */ = {isa = PBXFileReference; fileEncoding = 4; lastKnownFileType = sourcecode.swift; path = MentionsTableViewController.swift; sourceTree = "<group>"; };
		2491AFEC1EF352B10092D04F /* ImagesCollectionViewController.swift */ = {isa = PBXFileReference; fileEncoding = 4; lastKnownFileType = sourcecode.swift; path = ImagesCollectionViewController.swift; sourceTree = "<group>"; };
		2494949A1EF72EF3001F1277 /* ImageCollectionViewCell.swift */ = {isa = PBXFileReference; fileEncoding = 4; lastKnownFileType = sourcecode.swift; path = ImageCollectionViewCell.swift; sourceTree = "<group>"; };
		24A29F631EE77C710093DE37 /* Extensions.swift */ = {isa = PBXFileReference; fileEncoding = 4; lastKnownFileType = sourcecode.swift; path = Extensions.swift; sourceTree = "<group>"; };
		24A300DD1EC3C8D3007B12C7 /* VCLoggingViewController.swift */ = {isa = PBXFileReference; fileEncoding = 4; lastKnownFileType = sourcecode.swift; path = VCLoggingViewController.swift; sourceTree = "<group>"; };
		24AC1A351EB1574A005252C0 /* SmashTag3.1.app */ = {isa = PBXFileReference; explicitFileType = wrapper.application; includeInIndex = 0; path = SmashTag3.1.app; sourceTree = BUILT_PRODUCTS_DIR; };
		24AC1A381EB1574A005252C0 /* AppDelegate.swift */ = {isa = PBXFileReference; lastKnownFileType = sourcecode.swift; path = AppDelegate.swift; sourceTree = "<group>"; };
		24AC1A3D1EB1574A005252C0 /* Base */ = {isa = PBXFileReference; lastKnownFileType = file.storyboard; name = Base; path = Base.lproj/Main.storyboard; sourceTree = "<group>"; };
		24AC1A3F1EB1574A005252C0 /* Assets.xcassets */ = {isa = PBXFileReference; lastKnownFileType = folder.assetcatalog; path = Assets.xcassets; sourceTree = "<group>"; };
		24AC1A421EB1574A005252C0 /* Base */ = {isa = PBXFileReference; lastKnownFileType = file.storyboard; name = Base; path = Base.lproj/LaunchScreen.storyboard; sourceTree = "<group>"; };
		24AC1A441EB1574A005252C0 /* Info.plist */ = {isa = PBXFileReference; lastKnownFileType = text.plist.xml; path = Info.plist; sourceTree = "<group>"; };
		24AC1A4B1EB1580D005252C0 /* TweetTableViewController.swift */ = {isa = PBXFileReference; fileEncoding = 4; lastKnownFileType = sourcecode.swift; path = TweetTableViewController.swift; sourceTree = "<group>"; };
		24AD25CB1F392395003863B9 /* PopularTableViewController.swift */ = {isa = PBXFileReference; fileEncoding = 4; lastKnownFileType = sourcecode.swift; path = PopularTableViewController.swift; sourceTree = "<group>"; };
		24E9321A1F293EAE003ED4A4 /* Twitter.framework */ = {isa = PBXFileReference; explicitFileType = wrapper.framework; path = Twitter.framework; sourceTree = BUILT_PRODUCTS_DIR; };
		24ED7D371EBBE70500F2E919 /* UITableViewDataSource+NSFetchedResultsController.swift */ = {isa = PBXFileReference; fileEncoding = 4; lastKnownFileType = sourcecode.swift; path = "UITableViewDataSource+NSFetchedResultsController.swift"; sourceTree = "<group>"; };
		24F8EFED1ECB9EBF00F8AEF3 /* MyPlayground.playground */ = {isa = PBXFileReference; lastKnownFileType = file.playground; path = MyPlayground.playground; sourceTree = "<group>"; };
		24FE95A11EDE365500EB6A6A /* ImageViewController.swift */ = {isa = PBXFileReference; fileEncoding = 4; lastKnownFileType = sourcecode.swift; path = ImageViewController.swift; sourceTree = "<group>"; };
		51A03AA72DA68D95F4084CD7 /* Pods_SmashTag3_1.framework */ = {isa = PBXFileReference; explicitFileType = wrapper.framework; includeInIndex = 0; path = Pods_SmashTag3_1.framework; sourceTree = BUILT_PRODUCTS_DIR; };
		AF8829CCFCB6DE8B57CC034B /* Pods-SmashTag3.1.debug.xcconfig */ = {isa = PBXFileReference; includeInIndex = 1; lastKnownFileType = text.xcconfig; name = "Pods-SmashTag3.1.debug.xcconfig"; path = "Pods/Target Support Files/Pods-SmashTag3.1/Pods-SmashTag3.1.debug.xcconfig"; sourceTree = "<group>"; };
		C41790D6E4BD038D8FA753AB /* Pods-SmashTag3.1.release.xcconfig */ = {isa = PBXFileReference; includeInIndex = 1; lastKnownFileType = text.xcconfig; name = "Pods-SmashTag3.1.release.xcconfig"; path = "Pods/Target Support Files/Pods-SmashTag3.1/Pods-SmashTag3.1.release.xcconfig"; sourceTree = "<group>"; };
/* End PBXFileReference section */

/* Begin PBXFrameworksBuildPhase section */
		24AC1A321EB1574A005252C0 /* Frameworks */ = {
			isa = PBXFrameworksBuildPhase;
			buildActionMask = 2147483647;
			files = (
				24E9321B1F293EAE003ED4A4 /* Twitter.framework in Frameworks */,
				89C9A5116535915D65CCC9D9 /* Pods_SmashTag3_1.framework in Frameworks */,
			);
			runOnlyForDeploymentPostprocessing = 0;
		};
/* End PBXFrameworksBuildPhase section */

/* Begin PBXGroup section */
		246601A31EB7D84C001038CE /* CoreData */ = {
			isa = PBXGroup;
			children = (
				2466019F1EB7D826001038CE /* Tweet.swift */,
				246601A11EB7D83C001038CE /* TwitterUser.swift */,
				243F1DA21F3A81700083FF1C /* Mention.swift */,
				240275EC1EBA93F800004204 /* FetchedResultsTableViewController.swift */,
				24ED7D371EBBE70500F2E919 /* UITableViewDataSource+NSFetchedResultsController.swift */,
			);
			name = CoreData;
			sourceTree = "<group>";
		};
		248EEAAD1ECCF67B009D2485 /* Cells */ = {
			isa = PBXGroup;
			children = (
				244D07391EB2999900A228E9 /* TweetTableViewCell.swift */,
				2481612C1ECA5A2B00159908 /* ImageTableViewCell.swift */,
				2494949A1EF72EF3001F1277 /* ImageCollectionViewCell.swift */,
			);
			name = Cells;
			sourceTree = "<group>";
		};
		2491AFEE1EF352EB0092D04F /* Controllers */ = {
			isa = PBXGroup;
			children = (
				24AC1A4B1EB1580D005252C0 /* TweetTableViewController.swift */,
				248FD2361EC13B4300A918FC /* MentionsTableViewController.swift */,
				2491AFEC1EF352B10092D04F /* ImagesCollectionViewController.swift */,
				24AD25CB1F392395003863B9 /* PopularTableViewController.swift */,
				241C54DE1EE62B6C00FE0726 /* RecentSearchesTableViewController.swift */,
				24FE95A11EDE365500EB6A6A /* ImageViewController.swift */,
				2405E7C01EB7DFC70086873E /* SmashTweetTableViewController.swift */,
				240275EA1EBA804E00004204 /* SmashTweetersTableViewController.swift */,
			);
			name = Controllers;
			sourceTree = "<group>";
		};
		2491AFEF1EF3531B0092D04F /* Models */ = {
			isa = PBXGroup;
			children = (
				242865131EE8B60600D83F0D /* RecentSearches.swift */,
			);
			name = Models;
			sourceTree = "<group>";
		};
		24AC1A2C1EB1574A005252C0 = {
			isa = PBXGroup;
			children = (
				24E9321A1F293EAE003ED4A4 /* Twitter.framework */,
				24AC1A371EB1574A005252C0 /* SmashTag3.1 */,
				24AC1A361EB1574A005252C0 /* Products */,
				A0515DC19614C502CCC08818 /* Pods */,
				D9D737407EF62931B43FAC74 /* Frameworks */,
			);
			sourceTree = "<group>";
		};
		24AC1A361EB1574A005252C0 /* Products */ = {
			isa = PBXGroup;
			children = (
				24AC1A351EB1574A005252C0 /* SmashTag3.1.app */,
			);
			name = Products;
			sourceTree = "<group>";
		};
		24AC1A371EB1574A005252C0 /* SmashTag3.1 */ = {
			isa = PBXGroup;
			children = (
				24AC1A381EB1574A005252C0 /* AppDelegate.swift */,
				24AC1A3C1EB1574A005252C0 /* Main.storyboard */,
				246494111EB6B5DE000A0816 /* SmashTag3.1.xcdatamodeld */,
				24AC1A441EB1574A005252C0 /* Info.plist */,
				2491AFEF1EF3531B0092D04F /* Models */,
				2491AFEE1EF352EB0092D04F /* Controllers */,
				248EEAAD1ECCF67B009D2485 /* Cells */,
				246601A31EB7D84C001038CE /* CoreData */,
				24AC1A4A1EB1576F005252C0 /* Supporting Files */,
				24F8EFED1ECB9EBF00F8AEF3 /* MyPlayground.playground */,
			);
			path = SmashTag3.1;
			sourceTree = "<group>";
		};
		24AC1A4A1EB1576F005252C0 /* Supporting Files */ = {
			isa = PBXGroup;
			children = (
				24A29F631EE77C710093DE37 /* Extensions.swift */,
				24A300DD1EC3C8D3007B12C7 /* VCLoggingViewController.swift */,
				24AC1A3F1EB1574A005252C0 /* Assets.xcassets */,
				24AC1A411EB1574A005252C0 /* LaunchScreen.storyboard */,
			);
			name = "Supporting Files";
			sourceTree = "<group>";
		};
		A0515DC19614C502CCC08818 /* Pods */ = {
			isa = PBXGroup;
			children = (
				AF8829CCFCB6DE8B57CC034B /* Pods-SmashTag3.1.debug.xcconfig */,
				C41790D6E4BD038D8FA753AB /* Pods-SmashTag3.1.release.xcconfig */,
			);
			name = Pods;
			sourceTree = "<group>";
		};
		D9D737407EF62931B43FAC74 /* Frameworks */ = {
			isa = PBXGroup;
			children = (
				51A03AA72DA68D95F4084CD7 /* Pods_SmashTag3_1.framework */,
			);
			name = Frameworks;
			sourceTree = "<group>";
		};
/* End PBXGroup section */

/* Begin PBXNativeTarget section */
		24AC1A341EB1574A005252C0 /* SmashTag3.1 */ = {
			isa = PBXNativeTarget;
			buildConfigurationList = 24AC1A471EB1574A005252C0 /* Build configuration list for PBXNativeTarget "SmashTag3.1" */;
			buildPhases = (
				4FF81CD76A7FEBA68CDC352E /* [CP] Check Pods Manifest.lock */,
				24AC1A311EB1574A005252C0 /* Sources */,
				24AC1A321EB1574A005252C0 /* Frameworks */,
				24AC1A331EB1574A005252C0 /* Resources */,
				D125658B5AD1250B6717AF6F /* [CP] Embed Pods Frameworks */,
				0F9F5C00E57057B81F9AC32B /* [CP] Copy Pods Resources */,
				24E9321D1F293EAE003ED4A4 /* Embed Frameworks */,
			);
			buildRules = (
			);
			dependencies = (
			);
			name = SmashTag3.1;
			productName = SmashTag3.1;
			productReference = 24AC1A351EB1574A005252C0 /* SmashTag3.1.app */;
			productType = "com.apple.product-type.application";
		};
/* End PBXNativeTarget section */

/* Begin PBXProject section */
		24AC1A2D1EB1574A005252C0 /* Project object */ = {
			isa = PBXProject;
			attributes = {
				LastSwiftUpdateCheck = 0830;
				LastUpgradeCheck = 0830;
				ORGANIZATIONNAME = Cloudmass;
				TargetAttributes = {
					24AC1A341EB1574A005252C0 = {
						CreatedOnToolsVersion = 8.3.2;
						DevelopmentTeam = GD75W28YC9;
						ProvisioningStyle = Automatic;
					};
				};
			};
			buildConfigurationList = 24AC1A301EB1574A005252C0 /* Build configuration list for PBXProject "SmashTag3.1" */;
			compatibilityVersion = "Xcode 3.2";
			developmentRegion = English;
			hasScannedForEncodings = 0;
			knownRegions = (
				en,
				Base,
			);
			mainGroup = 24AC1A2C1EB1574A005252C0;
			productRefGroup = 24AC1A361EB1574A005252C0 /* Products */;
			projectDirPath = "";
			projectRoot = "";
			targets = (
				24AC1A341EB1574A005252C0 /* SmashTag3.1 */,
			);
		};
/* End PBXProject section */

/* Begin PBXResourcesBuildPhase section */
		24AC1A331EB1574A005252C0 /* Resources */ = {
			isa = PBXResourcesBuildPhase;
			buildActionMask = 2147483647;
			files = (
				24AC1A431EB1574A005252C0 /* LaunchScreen.storyboard in Resources */,
				24AC1A401EB1574A005252C0 /* Assets.xcassets in Resources */,
				24AC1A3E1EB1574A005252C0 /* Main.storyboard in Resources */,
			);
			runOnlyForDeploymentPostprocessing = 0;
		};
/* End PBXResourcesBuildPhase section */

/* Begin PBXShellScriptBuildPhase section */
		0F9F5C00E57057B81F9AC32B /* [CP] Copy Pods Resources */ = {
			isa = PBXShellScriptBuildPhase;
			buildActionMask = 2147483647;
			files = (
			);
			inputPaths = (
			);
			name = "[CP] Copy Pods Resources";
			outputPaths = (
			);
			runOnlyForDeploymentPostprocessing = 0;
			shellPath = /bin/sh;
			shellScript = "\"${SRCROOT}/Pods/Target Support Files/Pods-SmashTag3.1/Pods-SmashTag3.1-resources.sh\"\n";
			showEnvVarsInLog = 0;
		};
		4FF81CD76A7FEBA68CDC352E /* [CP] Check Pods Manifest.lock */ = {
			isa = PBXShellScriptBuildPhase;
			buildActionMask = 2147483647;
			files = (
			);
			inputPaths = (
			);
			name = "[CP] Check Pods Manifest.lock";
			outputPaths = (
			);
			runOnlyForDeploymentPostprocessing = 0;
			shellPath = /bin/sh;
			shellScript = "diff \"${PODS_PODFILE_DIR_PATH}/Podfile.lock\" \"${PODS_ROOT}/Manifest.lock\" > /dev/null\nif [ $? != 0 ] ; then\n    # print error to STDERR\n    echo \"error: The sandbox is not in sync with the Podfile.lock. Run 'pod install' or update your CocoaPods installation.\" >&2\n    exit 1\nfi\n";
			showEnvVarsInLog = 0;
		};
		D125658B5AD1250B6717AF6F /* [CP] Embed Pods Frameworks */ = {
			isa = PBXShellScriptBuildPhase;
			buildActionMask = 2147483647;
			files = (
			);
			inputPaths = (
			);
			name = "[CP] Embed Pods Frameworks";
			outputPaths = (
			);
			runOnlyForDeploymentPostprocessing = 0;
			shellPath = /bin/sh;
			shellScript = "\"${SRCROOT}/Pods/Target Support Files/Pods-SmashTag3.1/Pods-SmashTag3.1-frameworks.sh\"\n";
			showEnvVarsInLog = 0;
		};
/* End PBXShellScriptBuildPhase section */

/* Begin PBXSourcesBuildPhase section */
		24AC1A311EB1574A005252C0 /* Sources */ = {
			isa = PBXSourcesBuildPhase;
			buildActionMask = 2147483647;
			files = (
				2405E7C11EB7DFC70086873E /* SmashTweetTableViewController.swift in Sources */,
				243F1DA31F3A81700083FF1C /* Mention.swift in Sources */,
				240275ED1EBA93F800004204 /* FetchedResultsTableViewController.swift in Sources */,
				24AD25CC1F392395003863B9 /* PopularTableViewController.swift in Sources */,
				24ED7D381EBBE70500F2E919 /* UITableViewDataSource+NSFetchedResultsController.swift in Sources */,
				24A300DE1EC3C8D3007B12C7 /* VCLoggingViewController.swift in Sources */,
				24AC1A391EB1574A005252C0 /* AppDelegate.swift in Sources */,
				246601A01EB7D826001038CE /* Tweet.swift in Sources */,
				2494949B1EF72EF3001F1277 /* ImageCollectionViewCell.swift in Sources */,
				240275EB1EBA804E00004204 /* SmashTweetersTableViewController.swift in Sources */,
				246601A21EB7D83C001038CE /* TwitterUser.swift in Sources */,
				2481612D1ECA5A2B00159908 /* ImageTableViewCell.swift in Sources */,
				24AC1A4C1EB1580D005252C0 /* TweetTableViewController.swift in Sources */,
				2491AFED1EF352B10092D04F /* ImagesCollectionViewController.swift in Sources */,
				241C54DF1EE62B6C00FE0726 /* RecentSearchesTableViewController.swift in Sources */,
				242865141EE8B60600D83F0D /* RecentSearches.swift in Sources */,
				24A29F641EE77C710093DE37 /* Extensions.swift in Sources */,
				24FE95A21EDE365500EB6A6A /* ImageViewController.swift in Sources */,
				246494131EB6B5DE000A0816 /* SmashTag3.1.xcdatamodeld in Sources */,
				244D073A1EB2999900A228E9 /* TweetTableViewCell.swift in Sources */,
				248FD2371EC13B4300A918FC /* MentionsTableViewController.swift in Sources */,
			);
			runOnlyForDeploymentPostprocessing = 0;
		};
/* End PBXSourcesBuildPhase section */

/* Begin PBXVariantGroup section */
		24AC1A3C1EB1574A005252C0 /* Main.storyboard */ = {
			isa = PBXVariantGroup;
			children = (
				24AC1A3D1EB1574A005252C0 /* Base */,
			);
			name = Main.storyboard;
			sourceTree = "<group>";
		};
		24AC1A411EB1574A005252C0 /* LaunchScreen.storyboard */ = {
			isa = PBXVariantGroup;
			children = (
				24AC1A421EB1574A005252C0 /* Base */,
			);
			name = LaunchScreen.storyboard;
			sourceTree = "<group>";
		};
/* End PBXVariantGroup section */

/* Begin XCBuildConfiguration section */
		24AC1A451EB1574A005252C0 /* Debug */ = {
			isa = XCBuildConfiguration;
			buildSettings = {
				ALWAYS_SEARCH_USER_PATHS = NO;
				CLANG_ANALYZER_NONNULL = YES;
				CLANG_ANALYZER_NUMBER_OBJECT_CONVERSION = YES_AGGRESSIVE;
				CLANG_CXX_LANGUAGE_STANDARD = "gnu++0x";
				CLANG_CXX_LIBRARY = "libc++";
				CLANG_ENABLE_MODULES = YES;
				CLANG_ENABLE_OBJC_ARC = YES;
				CLANG_WARN_BOOL_CONVERSION = YES;
				CLANG_WARN_CONSTANT_CONVERSION = YES;
				CLANG_WARN_DIRECT_OBJC_ISA_USAGE = YES_ERROR;
				CLANG_WARN_DOCUMENTATION_COMMENTS = YES;
				CLANG_WARN_EMPTY_BODY = YES;
				CLANG_WARN_ENUM_CONVERSION = YES;
				CLANG_WARN_INFINITE_RECURSION = YES;
				CLANG_WARN_INT_CONVERSION = YES;
				CLANG_WARN_OBJC_ROOT_CLASS = YES_ERROR;
				CLANG_WARN_SUSPICIOUS_MOVE = YES;
				CLANG_WARN_UNREACHABLE_CODE = YES;
				CLANG_WARN__DUPLICATE_METHOD_MATCH = YES;
				"CODE_SIGN_IDENTITY[sdk=iphoneos*]" = "iPhone Developer";
				COPY_PHASE_STRIP = NO;
				DEBUG_INFORMATION_FORMAT = dwarf;
				ENABLE_STRICT_OBJC_MSGSEND = YES;
				ENABLE_TESTABILITY = YES;
				GCC_C_LANGUAGE_STANDARD = gnu99;
				GCC_DYNAMIC_NO_PIC = NO;
				GCC_NO_COMMON_BLOCKS = YES;
				GCC_OPTIMIZATION_LEVEL = 0;
				GCC_PREPROCESSOR_DEFINITIONS = (
					"DEBUG=1",
					"$(inherited)",
				);
				GCC_WARN_64_TO_32_BIT_CONVERSION = YES;
				GCC_WARN_ABOUT_RETURN_TYPE = YES_ERROR;
				GCC_WARN_UNDECLARED_SELECTOR = YES;
				GCC_WARN_UNINITIALIZED_AUTOS = YES_AGGRESSIVE;
				GCC_WARN_UNUSED_FUNCTION = YES;
				GCC_WARN_UNUSED_VARIABLE = YES;
				IPHONEOS_DEPLOYMENT_TARGET = 10.3;
				MTL_ENABLE_DEBUG_INFO = YES;
				ONLY_ACTIVE_ARCH = YES;
				SDKROOT = iphoneos;
				SWIFT_ACTIVE_COMPILATION_CONDITIONS = DEBUG;
				SWIFT_OPTIMIZATION_LEVEL = "-Onone";
			};
			name = Debug;
		};
		24AC1A461EB1574A005252C0 /* Release */ = {
			isa = XCBuildConfiguration;
			buildSettings = {
				ALWAYS_SEARCH_USER_PATHS = NO;
				CLANG_ANALYZER_NONNULL = YES;
				CLANG_ANALYZER_NUMBER_OBJECT_CONVERSION = YES_AGGRESSIVE;
				CLANG_CXX_LANGUAGE_STANDARD = "gnu++0x";
				CLANG_CXX_LIBRARY = "libc++";
				CLANG_ENABLE_MODULES = YES;
				CLANG_ENABLE_OBJC_ARC = YES;
				CLANG_WARN_BOOL_CONVERSION = YES;
				CLANG_WARN_CONSTANT_CONVERSION = YES;
				CLANG_WARN_DIRECT_OBJC_ISA_USAGE = YES_ERROR;
				CLANG_WARN_DOCUMENTATION_COMMENTS = YES;
				CLANG_WARN_EMPTY_BODY = YES;
				CLANG_WARN_ENUM_CONVERSION = YES;
				CLANG_WARN_INFINITE_RECURSION = YES;
				CLANG_WARN_INT_CONVERSION = YES;
				CLANG_WARN_OBJC_ROOT_CLASS = YES_ERROR;
				CLANG_WARN_SUSPICIOUS_MOVE = YES;
				CLANG_WARN_UNREACHABLE_CODE = YES;
				CLANG_WARN__DUPLICATE_METHOD_MATCH = YES;
				"CODE_SIGN_IDENTITY[sdk=iphoneos*]" = "iPhone Developer";
				COPY_PHASE_STRIP = NO;
				DEBUG_INFORMATION_FORMAT = "dwarf-with-dsym";
				ENABLE_NS_ASSERTIONS = NO;
				ENABLE_STRICT_OBJC_MSGSEND = YES;
				GCC_C_LANGUAGE_STANDARD = gnu99;
				GCC_NO_COMMON_BLOCKS = YES;
				GCC_WARN_64_TO_32_BIT_CONVERSION = YES;
				GCC_WARN_ABOUT_RETURN_TYPE = YES_ERROR;
				GCC_WARN_UNDECLARED_SELECTOR = YES;
				GCC_WARN_UNINITIALIZED_AUTOS = YES_AGGRESSIVE;
				GCC_WARN_UNUSED_FUNCTION = YES;
				GCC_WARN_UNUSED_VARIABLE = YES;
				IPHONEOS_DEPLOYMENT_TARGET = 10.3;
				MTL_ENABLE_DEBUG_INFO = NO;
				SDKROOT = iphoneos;
				SWIFT_OPTIMIZATION_LEVEL = "-Owholemodule";
				VALIDATE_PRODUCT = YES;
			};
			name = Release;
		};
		24AC1A481EB1574A005252C0 /* Debug */ = {
			isa = XCBuildConfiguration;
			baseConfigurationReference = AF8829CCFCB6DE8B57CC034B /* Pods-SmashTag3.1.debug.xcconfig */;
			buildSettings = {
				ASSETCATALOG_COMPILER_APPICON_NAME = AppIcon;
				DEVELOPMENT_TEAM = GD75W28YC9;
				INFOPLIST_FILE = SmashTag3.1/Info.plist;
				LD_RUNPATH_SEARCH_PATHS = "$(inherited) @executable_path/Frameworks";
				PRODUCT_BUNDLE_IDENTIFIER = "au.com.cloudmass.SmashTag3-1";
				PRODUCT_NAME = "$(TARGET_NAME)";
				SWIFT_VERSION = 3.0;
			};
			name = Debug;
		};
		24AC1A491EB1574A005252C0 /* Release */ = {
			isa = XCBuildConfiguration;
			baseConfigurationReference = C41790D6E4BD038D8FA753AB /* Pods-SmashTag3.1.release.xcconfig */;
			buildSettings = {
				ASSETCATALOG_COMPILER_APPICON_NAME = AppIcon;
				DEVELOPMENT_TEAM = GD75W28YC9;
				INFOPLIST_FILE = SmashTag3.1/Info.plist;
				LD_RUNPATH_SEARCH_PATHS = "$(inherited) @executable_path/Frameworks";
				PRODUCT_BUNDLE_IDENTIFIER = "au.com.cloudmass.SmashTag3-1";
				PRODUCT_NAME = "$(TARGET_NAME)";
				SWIFT_VERSION = 3.0;
			};
			name = Release;
		};
/* End XCBuildConfiguration section */

/* Begin XCConfigurationList section */
		24AC1A301EB1574A005252C0 /* Build configuration list for PBXProject "SmashTag3.1" */ = {
			isa = XCConfigurationList;
			buildConfigurations = (
				24AC1A451EB1574A005252C0 /* Debug */,
				24AC1A461EB1574A005252C0 /* Release */,
			);
			defaultConfigurationIsVisible = 0;
			defaultConfigurationName = Release;
		};
		24AC1A471EB1574A005252C0 /* Build configuration list for PBXNativeTarget "SmashTag3.1" */ = {
			isa = XCConfigurationList;
			buildConfigurations = (
				24AC1A481EB1574A005252C0 /* Debug */,
				24AC1A491EB1574A005252C0 /* Release */,
			);
			defaultConfigurationIsVisible = 0;
			defaultConfigurationName = Release;
		};
/* End XCConfigurationList section */

/* Begin XCVersionGroup section */
		246494111EB6B5DE000A0816 /* SmashTag3.1.xcdatamodeld */ = {
			isa = XCVersionGroup;
			children = (
				246494121EB6B5DE000A0816 /* SmashTag3.1.xcdatamodel */,
			);
			currentVersion = 246494121EB6B5DE000A0816 /* SmashTag3.1.xcdatamodel */;
			path = SmashTag3.1.xcdatamodeld;
			sourceTree = "<group>";
			versionGroupType = wrapper.xcdatamodel;
		};
/* End XCVersionGroup section */
	};
	rootObject = 24AC1A2D1EB1574A005252C0 /* Project object */;
}
